
Microsoft Visual Studio Solution File, Format Version 12.00
Project("{2150E333-8FDC-42A3-9474-1A3956D46DE8}") = "src", "src", "{4917BA1D-3E0A-4972-B014-EBB93B7D6A6B}"
EndProject
Project("{FAE04EC0-301F-11D3-BF4B-00C04F79EFBC}") = "Domain", "src\domain\Domain\Domain.csproj", "{73772E64-A4D5-4AF1-BE97-43181C842270}"
EndProject
Project("{FAE04EC0-301F-11D3-BF4B-00C04F79EFBC}") = "Common", "src\common\Common\Common.csproj", "{2AF1C6A5-C7B2-435F-B9EB-EF1F74C63581}"
EndProject
Project("{FAE04EC0-301F-11D3-BF4B-00C04F79EFBC}") = "Infrastructure", "src\Infrastructure\Infrastructure\Infrastructure.csproj", "{D477DAD2-EF2A-4D41-AEBD-7CDB8D53E898}"
EndProject
Project("{FAE04EC0-301F-11D3-BF4B-00C04F79EFBC}") = "Features", "src\features\Features\Features.csproj", "{CDA09419-D934-481A-8BA2-740614A92E85}"
EndProject
Project("{FAE04EC0-301F-11D3-BF4B-00C04F79EFBC}") = "Hive.App", "src\app\Hive.App\Hive.App.csproj", "{707417B1-ACCF-4361-AB09-26FAC5DFA514}"
EndProject
Project("{2150E333-8FDC-42A3-9474-1A3956D46DE8}") = "tests", "tests", "{9843D517-B0C1-4170-A910-ADB799263FD1}"
EndProject
Project("{FAE04EC0-301F-11D3-BF4B-00C04F79EFBC}") = "Watcher.Console.App", "src\app\Watcher.Console.App\Watcher.Console.App.csproj", "{221C49C8-E4B0-4525-B0BF-91C91F87D71E}"
EndProject
Project("{FAE04EC0-301F-11D3-BF4B-00C04F79EFBC}") = "Console.App.Tests", "tests\Console.App.Tests\Console.App.Tests.csproj", "{1472B219-47E2-4858-BE93-FA2EE7C2C180}"
EndProject
Project("{FAE04EC0-301F-11D3-BF4B-00C04F79EFBC}") = "Infrastructure.Tests", "tests\Infrastructure.Tests\Infrastructure.Tests.csproj", "{998F7CCB-98DD-4C34-97B9-B4AFC886E67B}"
EndProject
Project("{FAE04EC0-301F-11D3-BF4B-00C04F79EFBC}") = "Common.Tests", "tests\Common.Tests\Common.Tests.csproj", "{E481E7C9-B4D3-4EEB-BF56-95A5C7CE10FE}"
EndProject
Project("{2150E333-8FDC-42A3-9474-1A3956D46DE8}") = "idm", "idm", "{53BE7246-42B9-4207-B2F8-984EE133DD99}"
EndProject
Project("{FAE04EC0-301F-11D3-BF4B-00C04F79EFBC}") = "Hive.Idm.Api", "src\idm\Hive.Idm.Api\Hive.Idm.Api.csproj", "{A69A062A-B418-4878-A74B-32F869B4FFF0}"
EndProject
Project("{FAE04EC0-301F-11D3-BF4B-00C04F79EFBC}") = "Hive.Idm.Infrastructure", "src\idm\Hive.Idm.Infrastructure\Hive.Idm.Infrastructure.csproj", "{623D4765-A19A-48CB-A50E-F6FD70DC3EF1}"
EndProject
Project("{2150E333-8FDC-42A3-9474-1A3956D46DE8}") = "web", "web", "{AF1A2D8B-8E62-4944-B54E-F2A8F4FA7B70}"
	ProjectSection(SolutionItems) = preProject
		src\web\PROJECT_STRUCTURE.md = src\web\PROJECT_STRUCTURE.md
		src\web\README.md = src\web\README.md
	EndProjectSection
EndProject
Project("{2150E333-8FDC-42A3-9474-1A3956D46DE8}") = "assests", "assests", "{E6654E72-51C6-493C-B06B-DF90363EA84C}"
EndProject
Project("{2150E333-8FDC-42A3-9474-1A3956D46DE8}") = "pages", "pages", "{1EF75711-81E6-48FF-8FC0-E50BE63846EA}"
	ProjectSection(SolutionItems) = preProject
		src\web\pages\dashboard.html = src\web\pages\dashboard.html
		src\web\pages\login.html = src\web\pages\login.html
	EndProjectSection
EndProject
Project("{2150E333-8FDC-42A3-9474-1A3956D46DE8}") = "css", "css", "{E98FEDDD-AEBC-40B7-BAF6-2FAB429E2CB8}"
	ProjectSection(SolutionItems) = preProject
		src\web\assets\css\dashboard-styles.css = src\web\assets\css\dashboard-styles.css
		src\web\assets\css\styles.css = src\web\assets\css\styles.css
	EndProjectSection
EndProject
Project("{2150E333-8FDC-42A3-9474-1A3956D46DE8}") = "js", "js", "{5B1EF705-76F6-46D1-AC6E-4A2A11E124B6}"
	ProjectSection(SolutionItems) = preProject
		src\web\assets\js\dashboard-script.js = src\web\assets\js\dashboard-script.js
		src\web\assets\js\script.js = src\web\assets\js\script.js
	EndProjectSection
EndProject
Project("{2150E333-8FDC-42A3-9474-1A3956D46DE8}") = "tools", "tools", "{5503BA60-337E-49F5-9B07-8E56F6813B1C}"
	ProjectSection(SolutionItems) = preProject
		src\web\tools\standalone.html = src\web\tools\standalone.html
		src\web\tools\test-api.html = src\web\tools\test-api.html
		src\web\tools\test-login.html = src\web\tools\test-login.html
	EndProjectSection
EndProject
Project("{2150E333-8FDC-42A3-9474-1A3956D46DE8}") = "hive", "hive", "{645EDB6D-68AB-4EE0-A0F6-747EFE5F588F}"
EndProject
Project("{2150E333-8FDC-42A3-9474-1A3956D46DE8}") = "bin", "bin", "{C80AD27C-0E06-4E29-904B-ED155C7BF076}"
	ProjectSection(SolutionItems) = preProject
		start.sh = start.sh
		docker-compose.yaml = docker-compose.yaml
		Makefile = Makefile
		README.md = README.md
	EndProjectSection
EndProject
Global
	GlobalSection(SolutionConfigurationPlatforms) = preSolution
		Debug|Any CPU = Debug|Any CPU
		Release|Any CPU = Release|Any CPU
	EndGlobalSection
	GlobalSection(NestedProjects) = preSolution
		{707417B1-ACCF-4361-AB09-26FAC5DFA514} = {4917BA1D-3E0A-4972-B014-EBB93B7D6A6B}
		{221C49C8-E4B0-4525-B0BF-91C91F87D71E} = {4917BA1D-3E0A-4972-B014-EBB93B7D6A6B}
		{1472B219-47E2-4858-BE93-FA2EE7C2C180} = {9843D517-B0C1-4170-A910-ADB799263FD1}
		{998F7CCB-98DD-4C34-97B9-B4AFC886E67B} = {9843D517-B0C1-4170-A910-ADB799263FD1}
		{E481E7C9-B4D3-4EEB-BF56-95A5C7CE10FE} = {9843D517-B0C1-4170-A910-ADB799263FD1}
		{53BE7246-42B9-4207-B2F8-984EE133DD99} = {4917BA1D-3E0A-4972-B014-EBB93B7D6A6B}
		{A69A062A-B418-4878-A74B-32F869B4FFF0} = {53BE7246-42B9-4207-B2F8-984EE133DD99}
		{623D4765-A19A-48CB-A50E-F6FD70DC3EF1} = {53BE7246-42B9-4207-B2F8-984EE133DD99}
		{AF1A2D8B-8E62-4944-B54E-F2A8F4FA7B70} = {4917BA1D-3E0A-4972-B014-EBB93B7D6A6B}
		{E6654E72-51C6-493C-B06B-DF90363EA84C} = {AF1A2D8B-8E62-4944-B54E-F2A8F4FA7B70}
		{1EF75711-81E6-48FF-8FC0-E50BE63846EA} = {AF1A2D8B-8E62-4944-B54E-F2A8F4FA7B70}
		{E98FEDDD-AEBC-40B7-BAF6-2FAB429E2CB8} = {E6654E72-51C6-493C-B06B-DF90363EA84C}
		{5B1EF705-76F6-46D1-AC6E-4A2A11E124B6} = {E6654E72-51C6-493C-B06B-DF90363EA84C}
		{5503BA60-337E-49F5-9B07-8E56F6813B1C} = {AF1A2D8B-8E62-4944-B54E-F2A8F4FA7B70}
		{645EDB6D-68AB-4EE0-A0F6-747EFE5F588F} = {4917BA1D-3E0A-4972-B014-EBB93B7D6A6B}
		{2AF1C6A5-C7B2-435F-B9EB-EF1F74C63581} = {645EDB6D-68AB-4EE0-A0F6-747EFE5F588F}
		{73772E64-A4D5-4AF1-BE97-43181C842270} = {645EDB6D-68AB-4EE0-A0F6-747EFE5F588F}
		{CDA09419-D934-481A-8BA2-740614A92E85} = {645EDB6D-68AB-4EE0-A0F6-747EFE5F588F}
		{D477DAD2-EF2A-4D41-AEBD-7CDB8D53E898} = {645EDB6D-68AB-4EE0-A0F6-747EFE5F588F}
	EndGlobalSection
	GlobalSection(ProjectConfigurationPlatforms) = postSolution
		{73772E64-A4D5-4AF1-BE97-43181C842270}.Debug|Any CPU.ActiveCfg = Debug|Any CPU
		{73772E64-A4D5-4AF1-BE97-43181C842270}.Debug|Any CPU.Build.0 = Debug|Any CPU
		{73772E64-A4D5-4AF1-BE97-43181C842270}.Release|Any CPU.ActiveCfg = Release|Any CPU
		{73772E64-A4D5-4AF1-BE97-43181C842270}.Release|Any CPU.Build.0 = Release|Any CPU
		{2AF1C6A5-C7B2-435F-B9EB-EF1F74C63581}.Debug|Any CPU.ActiveCfg = Debug|Any CPU
		{2AF1C6A5-C7B2-435F-B9EB-EF1F74C63581}.Debug|Any CPU.Build.0 = Debug|Any CPU
		{2AF1C6A5-C7B2-435F-B9EB-EF1F74C63581}.Release|Any CPU.ActiveCfg = Release|Any CPU
		{2AF1C6A5-C7B2-435F-B9EB-EF1F74C63581}.Release|Any CPU.Build.0 = Release|Any CPU
		{D477DAD2-EF2A-4D41-AEBD-7CDB8D53E898}.Debug|Any CPU.ActiveCfg = Debug|Any CPU
		{D477DAD2-EF2A-4D41-AEBD-7CDB8D53E898}.Debug|Any CPU.Build.0 = Debug|Any CPU
		{D477DAD2-EF2A-4D41-AEBD-7CDB8D53E898}.Release|Any CPU.ActiveCfg = Release|Any CPU
		{D477DAD2-EF2A-4D41-AEBD-7CDB8D53E898}.Release|Any CPU.Build.0 = Release|Any CPU
		{CDA09419-D934-481A-8BA2-740614A92E85}.Debug|Any CPU.ActiveCfg = Debug|Any CPU
		{CDA09419-D934-481A-8BA2-740614A92E85}.Debug|Any CPU.Build.0 = Debug|Any CPU
		{CDA09419-D934-481A-8BA2-740614A92E85}.Release|Any CPU.ActiveCfg = Release|Any CPU
		{CDA09419-D934-481A-8BA2-740614A92E85}.Release|Any CPU.Build.0 = Release|Any CPU
		{707417B1-ACCF-4361-AB09-26FAC5DFA514}.Debug|Any CPU.ActiveCfg = Debug|Any CPU
		{707417B1-ACCF-4361-AB09-26FAC5DFA514}.Debug|Any CPU.Build.0 = Debug|Any CPU
		{707417B1-ACCF-4361-AB09-26FAC5DFA514}.Release|Any CPU.ActiveCfg = Release|Any CPU
		{707417B1-ACCF-4361-AB09-26FAC5DFA514}.Release|Any CPU.Build.0 = Release|Any CPU
		{221C49C8-E4B0-4525-B0BF-91C91F87D71E}.Debug|Any CPU.ActiveCfg = Debug|Any CPU
		{221C49C8-E4B0-4525-B0BF-91C91F87D71E}.Debug|Any CPU.Build.0 = Debug|Any CPU
		{221C49C8-E4B0-4525-B0BF-91C91F87D71E}.Release|Any CPU.ActiveCfg = Release|Any CPU
		{221C49C8-E4B0-4525-B0BF-91C91F87D71E}.Release|Any CPU.Build.0 = Release|Any CPU
		{1472B219-47E2-4858-BE93-FA2EE7C2C180}.Debug|Any CPU.ActiveCfg = Debug|Any CPU
		{1472B219-47E2-4858-BE93-FA2EE7C2C180}.Debug|Any CPU.Build.0 = Debug|Any CPU
		{1472B219-47E2-4858-BE93-FA2EE7C2C180}.Release|Any CPU.ActiveCfg = Release|Any CPU
		{1472B219-47E2-4858-BE93-FA2EE7C2C180}.Release|Any CPU.Build.0 = Release|Any CPU
		{998F7CCB-98DD-4C34-97B9-B4AFC886E67B}.Debug|Any CPU.ActiveCfg = Debug|Any CPU
		{998F7CCB-98DD-4C34-97B9-B4AFC886E67B}.Debug|Any CPU.Build.0 = Debug|Any CPU
		{998F7CCB-98DD-4C34-97B9-B4AFC886E67B}.Release|Any CPU.ActiveCfg = Release|Any CPU
		{998F7CCB-98DD-4C34-97B9-B4AFC886E67B}.Release|Any CPU.Build.0 = Release|Any CPU
		{E481E7C9-B4D3-4EEB-BF56-95A5C7CE10FE}.Debug|Any CPU.ActiveCfg = Debug|Any CPU
		{E481E7C9-B4D3-4EEB-BF56-95A5C7CE10FE}.Debug|Any CPU.Build.0 = Debug|Any CPU
		{E481E7C9-B4D3-4EEB-BF56-95A5C7CE10FE}.Release|Any CPU.ActiveCfg = Release|Any CPU
		{E481E7C9-B4D3-4EEB-BF56-95A5C7CE10FE}.Release|Any CPU.Build.0 = Release|Any CPU
		{A69A062A-B418-4878-A74B-32F869B4FFF0}.Debug|Any CPU.ActiveCfg = Debug|Any CPU
		{A69A062A-B418-4878-A74B-32F869B4FFF0}.Debug|Any CPU.Build.0 = Debug|Any CPU
		{A69A062A-B418-4878-A74B-32F869B4FFF0}.Release|Any CPU.ActiveCfg = Release|Any CPU
		{A69A062A-B418-4878-A74B-32F869B4FFF0}.Release|Any CPU.Build.0 = Release|Any CPU
		{623D4765-A19A-48CB-A50E-F6FD70DC3EF1}.Debug|Any CPU.ActiveCfg = Debug|Any CPU
		{623D4765-A19A-48CB-A50E-F6FD70DC3EF1}.Debug|Any CPU.Build.0 = Debug|Any CPU
		{623D4765-A19A-48CB-A50E-F6FD70DC3EF1}.Release|Any CPU.ActiveCfg = Release|Any CPU
		{623D4765-A19A-48CB-A50E-F6FD70DC3EF1}.Release|Any CPU.Build.0 = Release|Any CPU
	EndGlobalSection
EndGlobal
